// !$*UTF8*$!
{
	archiveVersion = 1;
	classes = {
	};
	objectVersion = 46;
	objects = {

/* Begin PBXBuildFile section */
		B219343B1EE938CA00C40422 /* AppDelegate.swift in Sources */ = {isa = PBXBuildFile; fileRef = B219343A1EE938CA00C40422 /* AppDelegate.swift */; };
		B219343D1EE938CA00C40422 /* ViewController.swift in Sources */ = {isa = PBXBuildFile; fileRef = B219343C1EE938CA00C40422 /* ViewController.swift */; };
		B21934401EE938CA00C40422 /* Main.storyboard in Resources */ = {isa = PBXBuildFile; fileRef = B219343E1EE938CA00C40422 /* Main.storyboard */; };
		B21934421EE938CA00C40422 /* Assets.xcassets in Resources */ = {isa = PBXBuildFile; fileRef = B21934411EE938CA00C40422 /* Assets.xcassets */; };
		B21934451EE938CA00C40422 /* LaunchScreen.storyboard in Resources */ = {isa = PBXBuildFile; fileRef = B21934431EE938CA00C40422 /* LaunchScreen.storyboard */; };
/* End PBXBuildFile section */

/* Begin PBXFileReference section */
		B21934371EE938CA00C40422 /* Egg Timer app.app */ = {isa = PBXFileReference; explicitFileType = wrapper.application; includeInIndex = 0; path = "Egg Timer app.app"; sourceTree = BUILT_PRODUCTS_DIR; };
		B219343A1EE938CA00C40422 /* AppDelegate.swift */ = {isa = PBXFileReference; lastKnownFileType = sourcecode.swift; path = AppDelegate.swift; sourceTree = "<group>"; };
		B219343C1EE938CA00C40422 /* ViewController.swift */ = {isa = PBXFileReference; lastKnownFileType = sourcecode.swift; path = ViewController.swift; sourceTree = "<group>"; };
		B219343F1EE938CA00C40422 /* Base */ = {isa = PBXFileReference; lastKnownFileType = file.storyboard; name = Base; path = Base.lproj/Main.storyboard; sourceTree = "<group>"; };
		B21934411EE938CA00C40422 /* Assets.xcassets */ = {isa = PBXFileReference; lastKnownFileType = folder.assetcatalog; path = Assets.xcassets; sourceTree = "<group>"; };
		B21934441EE938CA00C40422 /* Base */ = {isa = PBXFileReference; lastKnownFileType = file.storyboard; name = Base; path = Base.lproj/LaunchScreen.storyboard; sourceTree = "<group>"; };
		B21934461EE938CA00C40422 /* Info.plist */ = {isa = PBXFileReference; lastKnownFileType = text.plist.xml; path = Info.plist; sourceTree = "<group>"; };
/* End PBXFileReference section */

/* Begin PBXFrameworksBuildPhase section */
		B21934341EE938CA00C40422 /* Frameworks */ = {
			isa = PBXFrameworksBuildPhase;
			buildActionMask = 2147483647;
			files = (
			);
			runOnlyForDeploymentPostprocessing = 0;
		};
/* End PBXFrameworksBuildPhase section */

/* Begin PBXGroup section */
		B219342E1EE938CA00C40422 = {
			isa = PBXGroup;
			children = (
				B21934391EE938CA00C40422 /* Egg Timer app */,
				B21934381EE938CA00C40422 /* Products */,
			);
			sourceTree = "<group>";
		};
		B21934381EE938CA00C40422 /* Products */ = {
			isa = PBXGroup;
			children = (
				B21934371EE938CA00C40422 /* Egg Timer app.app */,
			);
			name = Products;
			sourceTree = "<group>";
		};
		B21934391EE938CA00C40422 /* Egg Timer app */ = {
			isa = PBXGroup;
			children = (
				B219343A1EE938CA00C40422 /* AppDelegate.swift */,
				B219343C1EE938CA00C40422 /* ViewController.swift */,
				B219343E1EE938CA00C40422 /* Main.storyboard */,
				B21934411EE938CA00C40422 /* Assets.xcassets */,
				B21934431EE938CA00C40422 /* LaunchScreen.storyboard */,
				B21934461EE938CA00C40422 /* Info.plist */,
			);
			path = "Egg Timer app";
			sourceTree = "<group>";
		};
/* End PBXGroup section */

/* Begin PBXNativeTarget section */
		B21934361EE938CA00C40422 /* Egg Timer app */ = {
			isa = PBXNativeTarget;
			buildConfigurationList = B21934491EE938CA00C40422 /* Build configuration list for PBXNativeTarget "Egg Timer app" */;
			buildPhases = (
				B21934331EE938CA00C40422 /* Sources */,
				B21934341EE938CA00C40422 /* Frameworks */,
				B21934351EE938CA00C40422 /* Resources */,
			);
			buildRules = (
			);
			dependencies = (
			);
			name = "Egg Timer app";
			productName = "Egg Timer app";
			productReference = B21934371EE938CA00C40422 /* Egg Timer app.app */;
			productType = "com.apple.product-type.application";
		};
/* End PBXNativeTarget section */

/* Begin PBXProject section */
		B219342F1EE938CA00C40422 /* Project object */ = {
			isa = PBXProject;
			attributes = {
				LastSwiftUpdateCheck = 0820;
				LastUpgradeCheck = 0820;
				ORGANIZATIONNAME = "Nare Hovhannisyan";
				TargetAttributes = {
					B21934361EE938CA00C40422 = {
						CreatedOnToolsVersion = 8.2.1;
						ProvisioningStyle = Automatic;
					};
				};
			};
			buildConfigurationList = B21934321EE938CA00C40422 /* Build configuration list for PBXProject "Egg Timer app" */;
			compatibilityVersion = "Xcode 3.2";
			developmentRegion = English;
			hasScannedForEncodings = 0;
			knownRegions = (
				en,
				Base,
			);
			mainGroup = B219342E1EE938CA00C40422;
			productRefGroup = B21934381EE938CA00C40422 /* Products */;
			projectDirPath = "";
			projectRoot = "";
			targets = (
				B21934361EE938CA00C40422 /* Egg Timer app */,
			);
		};
/* End PBXProject section */

/* Begin PBXResourcesBuildPhase section */
		B21934351EE938CA00C40422 /* Resources */ = {
			isa = PBXResourcesBuildPhase;
			buildActionMask = 2147483647;
			files = (
				B21934451EE938CA00C40422 /* LaunchScreen.storyboard in Resources */,
				B21934421EE938CA00C40422 /* Assets.xcassets in Resources */,
				B21934401EE938CA00C40422 /* Main.storyboard in Resources */,
			);
			runOnlyForDeploymentPostprocessing = 0;
		};
/* End PBXResourcesBuildPhase section */

/* Begin PBXSourcesBuildPhase section */
		B21934331EE938CA00C40422 /* Sources */ = {
			isa = PBXSourcesBuildPhase;
			buildActionMask = 2147483647;
			files = (
				B219343D1EE938CA00C40422 /* ViewController.swift in Sources */,
				B219343B1EE938CA00C40422 /* AppDelegate.swift in Sources */,
			);
			runOnlyForDeploymentPostprocessing = 0;
		};
/* End PBXSourcesBuildPhase section */

/* Begin PBXVariantGroup section */
		B219343E1EE938CA00C40422 /* Main.storyboard */ = {
			isa = PBXVariantGroup;
			children = (
				B219343F1EE938CA00C40422 /* Base */,
			);
			name = Main.storyboard;
			sourceTree = "<group>";
		};
		B21934431EE938CA00C40422 /* LaunchScreen.storyboard */ = {
			isa = PBXVariantGroup;
			children = (
				B21934441EE938CA00C40422 /* Base */,
			);
			name = LaunchScreen.storyboard;
			sourceTree = "<group>";
		};
/* End PBXVariantGroup section */

/* Begin XCBuildConfiguration section */
		B21934471EE938CA00C40422 /* Debug */ = {
			isa = XCBuildConfiguration;
			buildSettings = {
				ALWAYS_SEARCH_USER_PATHS = NO;
				CLANG_ANALYZER_NONNULL = YES;
				CLANG_CXX_LANGUAGE_STANDARD = "gnu++0x";
				CLANG_CXX_LIBRARY = "libc++";
				CLANG_ENABLE_MODULES = YES;
				CLANG_ENABLE_OBJC_ARC = YES;
				CLANG_WARN_BOOL_CONVERSION = YES;
				CLANG_WARN_CONSTANT_CONVERSION = YES;
				CLANG_WARN_DIRECT_OBJC_ISA_USAGE = YES_ERROR;
				CLANG_WARN_DOCUMENTATION_COMMENTS = YES;
				CLANG_WARN_EMPTY_BODY = YES;
				CLANG_WARN_ENUM_CONVERSION = YES;
				CLANG_WARN_INFINITE_RECURSION = YES;
				CLANG_WARN_INT_CONVERSION = YES;
				CLANG_WARN_OBJC_ROOT_CLASS = YES_ERROR;
				CLANG_WARN_SUSPICIOUS_MOVE = YES;
				CLANG_WARN_UNREACHABLE_CODE = YES;
				CLANG_WARN__DUPLICATE_METHOD_MATCH = YES;
				"CODE_SIGN_IDENTITY[sdk=iphoneos*]" = "iPhone Developer";
				COPY_PHASE_STRIP = NO;
				DEBUG_INFORMATION_FORMAT = dwarf;
				ENABLE_STRICT_OBJC_MSGSEND = YES;
				ENABLE_TESTABILITY = YES;
				GCC_C_LANGUAGE_STANDARD = gnu99;
				GCC_DYNAMIC_NO_PIC = NO;
				GCC_NO_COMMON_BLOCKS = YES;
				GCC_OPTIMIZATION_LEVEL = 0;
				GCC_PREPROCESSOR_DEFINITIONS = (
					"DEBUG=1",
					"$(inherited)",
				);
				GCC_WARN_64_TO_32_BIT_CONVERSION = YES;
				GCC_WARN_ABOUT_RETURN_TYPE = YES_ERROR;
				GCC_WARN_UNDECLARED_SELECTOR = YES;
				GCC_WARN_UNINITIALIZED_AUTOS = YES_AGGRESSIVE;
				GCC_WARN_UNUSED_FUNCTION = YES;
				GCC_WARN_UNUSED_VARIABLE = YES;
				IPHONEOS_DEPLOYMENT_TARGET = 10.2;
				MTL_ENABLE_DEBUG_INFO = YES;
				ONLY_ACTIVE_ARCH = YES;
				SDKROOT = iphoneos;
				SWIFT_ACTIVE_COMPILATION_CONDITIONS = DEBUG;
				SWIFT_OPTIMIZATION_LEVEL = "-Onone";
			};
			name = Debug;
		};
		B21934481EE938CA00C40422 /* Release */ = {
			isa = XCBuildConfiguration;
			buildSettings = {
				ALWAYS_SEARCH_USER_PATHS = NO;
				CLANG_ANALYZER_NONNULL = YES;
				CLANG_CXX_LANGUAGE_STANDARD = "gnu++0x";
				CLANG_CXX_LIBRARY = "libc++";
				CLANG_ENABLE_MODULES = YES;
				CLANG_ENABLE_OBJC_ARC = YES;
				CLANG_WARN_BOOL_CONVERSION = YES;
				CLANG_WARN_CONSTANT_CONVERSION = YES;
				CLANG_WARN_DIRECT_OBJC_ISA_USAGE = YES_ERROR;
				CLANG_WARN_DOCUMENTATION_COMMENTS = YES;
				CLANG_WARN_EMPTY_BODY = YES;
				CLANG_WARN_ENUM_CONVERSION = YES;
				CLANG_WARN_INFINITE_RECURSION = YES;
				CLANG_WARN_INT_CONVERSION = YES;
				CLANG_WARN_OBJC_ROOT_CLASS = YES_ERROR;
				CLANG_WARN_SUSPICIOUS_MOVE = YES;
				CLANG_WARN_UNREACHABLE_CODE = YES;
				CLANG_WARN__DUPLICATE_METHOD_MATCH = YES;
				"CODE_SIGN_IDENTITY[sdk=iphoneos*]" = "iPhone Developer";
				COPY_PHASE_STRIP = NO;
				DEBUG_INFORMATION_FORMAT = "dwarf-with-dsym";
				ENABLE_NS_ASSERTIONS = NO;
				ENABLE_STRICT_OBJC_MSGSEND = YES;
				GCC_C_LANGUAGE_STANDARD = gnu99;
				GCC_NO_COMMON_BLOCKS = YES;
				GCC_WARN_64_TO_32_BIT_CONVERSION = YES;
				GCC_WARN_ABOUT_RETURN_TYPE = YES_ERROR;
				GCC_WARN_UNDECLARED_SELECTOR = YES;
				GCC_WARN_UNINITIALIZED_AUTOS = YES_AGGRESSIVE;
				GCC_WARN_UNUSED_FUNCTION = YES;
				GCC_WARN_UNUSED_VARIABLE = YES;
				IPHONEOS_DEPLOYMENT_TARGET = 10.2;
				MTL_ENABLE_DEBUG_INFO = NO;
				SDKROOT = iphoneos;
				SWIFT_OPTIMIZATION_LEVEL = "-Owholemodule";
				VALIDATE_PRODUCT = YES;
			};
			name = Release;
		};
		B219344A1EE938CA00C40422 /* Debug */ = {
			isa = XCBuildConfiguration;
			buildSettings = {
				ASSETCATALOG_COMPILER_APPICON_NAME = AppIcon;
				INFOPLIST_FILE = "Egg Timer app/Info.plist";
				LD_RUNPATH_SEARCH_PATHS = "$(inherited) @executable_path/Frameworks";
				PRODUCT_BUNDLE_IDENTIFIER = "com.is-it-prime.Egg-Timer-app";
				PRODUCT_NAME = "$(TARGET_NAME)";
				SWIFT_VERSION = 3.0;
			};
			name = Debug;
		};
		B219344B1EE938CA00C40422 /* Release */ = {
			isa = XCBuildConfiguration;
			buildSettings = {
				ASSETCATALOG_COMPILER_APPICON_NAME = AppIcon;
				INFOPLIST_FILE = "Egg Timer app/Info.plist";
				LD_RUNPATH_SEARCH_PATHS = "$(inherited) @executable_path/Frameworks";
				PRODUCT_BUNDLE_IDENTIFIER = "com.is-it-prime.Egg-Timer-app";
				PRODUCT_NAME = "$(TARGET_NAME)";
				SWIFT_VERSION = 3.0;
			};
			name = Release;
		};
/* End XCBuildConfiguration section */

/* Begin XCConfigurationList section */
		B21934321EE938CA00C40422 /* Build configuration list for PBXProject "Egg Timer app" */ = {
			isa = XCConfigurationList;
			buildConfigurations = (
				B21934471EE938CA00C40422 /* Debug */,
				B21934481EE938CA00C40422 /* Release */,
			);
			defaultConfigurationIsVisible = 0;
			defaultConfigurationName = Release;
		};
		B21934491EE938CA00C40422 /* Build configuration list for PBXNativeTarget "Egg Timer app" */ = {
			isa = XCConfigurationList;
			buildConfigurations = (
				B219344A1EE938CA00C40422 /* Debug */,
				B219344B1EE938CA00C40422 /* Release */,
			);
			defaultConfigurationIsVisible = 0;
		};
/* End XCConfigurationList section */
	};
	rootObject = B219342F1EE938CA00C40422 /* Project object */;
}
